# Generated by buf. DO NOT EDIT.
version: v1
deps:
  - remote: buf.build
    owner: googleapis
    repository: googleapis
    branch: main
    commit: 21bf7e5141ca4ab9a894d42c81ebc570
    digest: b1-1Tn2sIjZX6rkgifBoIByzQIxjjVVhOltFQVK1888mUw=
    create_time: 2022-04-19T15:12:03.248152Z
  - remote: buf.build
    owner: grpc-ecosystem
    repository: grpc-gateway
    branch: main
    commit: febd9e8be39b4f4b878b9c64bcc203fd
    digest: b1-K5jSHBrJ24jZXRgQgkmphZuP-cAL2b90ssKrgvDK2hU=
    create_time: 2022-04-17T01:28:07.574665Z
