# Generated by buf. DO NOT EDIT.
version: v1
deps:
  - remote: buf.build
    owner: googleapis
    repository: googleapis
    branch: main
    commit: f78a83d0b4bd469fa605445ada4c6249
    digest: b1-Enc6LNIE7B93sXFAGSXFigq0vpIowDOimq8U40bD-pg=
    create_time: 2022-04-05T15:09:34.980759Z
  - remote: buf.build
    owner: grpc-ecosystem
    repository: grpc-gateway
    branch: main
    commit: f85c60ac38544f2d8f346491c9d916e5
    digest: b1-qqV9hYsmYDGNXfic_Vap4lKVarQS4-RGAllaxwnTljM=
    create_time: 2022-03-21T20:28:59.8282Z
