# Generated by buf. DO NOT EDIT.
version: v1
deps:
  - remote: buf.build
    owner: googleapis
    repository: googleapis
    branch: main
    commit: a2ef8ef877cf4aff8f11d7a012a50950
    digest: b1-LuAZw2H0YjkkGJlYqq1JzGYuJP7a2vNxwgzt0fdTC-E=
    create_time: 2022-04-11T15:04:02.120957Z
  - remote: buf.build
    owner: grpc-ecosystem
    repository: grpc-gateway
    branch: main
    commit: f85c60ac38544f2d8f346491c9d916e5
    digest: b1-qqV9hYsmYDGNXfic_Vap4lKVarQS4-RGAllaxwnTljM=
    create_time: 2022-03-21T20:28:59.8282Z
